
Microsoft Visual Studio Solution File, Format Version 12.00
# Visual Studio Version 17
VisualStudioVersion = 17.9.34728.123
MinimumVisualStudioVersion = 10.0.40219.1
Project("{FAE04EC0-301F-11D3-BF4B-00C04F79EFBC}") = "back-end", "back-end.csproj", "{675F212E-63A5-40A2-AD4E-02C3041D60E3}"
EndProject
Global
	GlobalSection(SolutionConfigurationPlatforms) = preSolution
		Debug|Any CPU = Debug|Any CPU
		Release|Any CPU = Release|Any CPU
	EndGlobalSection
	GlobalSection(ProjectConfigurationPlatforms) = postSolution
		{675F212E-63A5-40A2-AD4E-02C3041D60E3}.Debug|Any CPU.ActiveCfg = Debug|Any CPU
		{675F212E-63A5-40A2-AD4E-02C3041D60E3}.Debug|Any CPU.Build.0 = Debug|Any CPU
		{675F212E-63A5-40A2-AD4E-02C3041D60E3}.Release|Any CPU.ActiveCfg = Release|Any CPU
		{675F212E-63A5-40A2-AD4E-02C3041D60E3}.Release|Any CPU.Build.0 = Release|Any CPU
	EndGlobalSection
	GlobalSection(SolutionProperties) = preSolution
		HideSolutionNode = FALSE
	EndGlobalSection
	GlobalSection(ExtensibilityGlobals) = postSolution
		SolutionGuid = {708AF8E1-DA56-43D5-B1B1-5E6D51042923}
	EndGlobalSection
EndGlobal
